// !$*UTF8*$!
{
	archiveVersion = 1;
	classes = {
	};
	objectVersion = 50;
	objects = {

/* Begin PBXBuildFile section */
		00C9D34D22343B72000144F4 /* AppDelegate.swift in Sources */ = {isa = PBXBuildFile; fileRef = 00C9D34C22343B72000144F4 /* AppDelegate.swift */; };
		00C9D34F22343B72000144F4 /* RootViewController.swift in Sources */ = {isa = PBXBuildFile; fileRef = 00C9D34E22343B72000144F4 /* RootViewController.swift */; };
		00C9D35122343B72000144F4 /* DataViewController.swift in Sources */ = {isa = PBXBuildFile; fileRef = 00C9D35022343B72000144F4 /* DataViewController.swift */; };
		00C9D35322343B72000144F4 /* ModelController.swift in Sources */ = {isa = PBXBuildFile; fileRef = 00C9D35222343B72000144F4 /* ModelController.swift */; };
		00C9D35622343B73000144F4 /* Main.storyboard in Resources */ = {isa = PBXBuildFile; fileRef = 00C9D35422343B73000144F4 /* Main.storyboard */; };
		00C9D35822343B8D000144F4 /* Assets.xcassets in Resources */ = {isa = PBXBuildFile; fileRef = 00C9D35722343B8D000144F4 /* Assets.xcassets */; };
		00C9D35B22343B8D000144F4 /* LaunchScreen.storyboard in Resources */ = {isa = PBXBuildFile; fileRef = 00C9D35922343B8D000144F4 /* LaunchScreen.storyboard */; };
		00C9D3692239A3D8000144F4 /* CalenderPopupView.swift in Sources */ = {isa = PBXBuildFile; fileRef = 00C9D3672239A3D7000144F4 /* CalenderPopupView.swift */; };
		00C9D36A2239A3D8000144F4 /* CalenderPopupView.xib in Resources */ = {isa = PBXBuildFile; fileRef = 00C9D3682239A3D7000144F4 /* CalenderPopupView.xib */; };
		00C9D36E223D66C0000144F4 /* PopUpCalendarViewController.swift in Sources */ = {isa = PBXBuildFile; fileRef = 00C9D36D223D66C0000144F4 /* PopUpCalendarViewController.swift */; };
		8D48A7F185BA57C1E0D97A21 /* Pods_pagetest.framework in Frameworks */ = {isa = PBXBuildFile; fileRef = 7ADB7E555DBB2B003D81E28F /* Pods_pagetest.framework */; };
/* End PBXBuildFile section */

/* Begin PBXFileReference section */
		00C9D34922343B72000144F4 /* pagetest.app */ = {isa = PBXFileReference; explicitFileType = wrapper.application; includeInIndex = 0; path = pagetest.app; sourceTree = BUILT_PRODUCTS_DIR; };
		00C9D34C22343B72000144F4 /* AppDelegate.swift */ = {isa = PBXFileReference; lastKnownFileType = sourcecode.swift; path = AppDelegate.swift; sourceTree = "<group>"; };
		00C9D34E22343B72000144F4 /* RootViewController.swift */ = {isa = PBXFileReference; lastKnownFileType = sourcecode.swift; path = RootViewController.swift; sourceTree = "<group>"; };
		00C9D35022343B72000144F4 /* DataViewController.swift */ = {isa = PBXFileReference; lastKnownFileType = sourcecode.swift; path = DataViewController.swift; sourceTree = "<group>"; };
		00C9D35222343B72000144F4 /* ModelController.swift */ = {isa = PBXFileReference; lastKnownFileType = sourcecode.swift; path = ModelController.swift; sourceTree = "<group>"; };
		00C9D35522343B73000144F4 /* Base */ = {isa = PBXFileReference; lastKnownFileType = file.storyboard; name = Base; path = Base.lproj/Main.storyboard; sourceTree = "<group>"; };
		00C9D35722343B8D000144F4 /* Assets.xcassets */ = {isa = PBXFileReference; lastKnownFileType = folder.assetcatalog; path = Assets.xcassets; sourceTree = "<group>"; };
		00C9D35A22343B8D000144F4 /* Base */ = {isa = PBXFileReference; lastKnownFileType = file.storyboard; name = Base; path = Base.lproj/LaunchScreen.storyboard; sourceTree = "<group>"; };
		00C9D35C22343B8D000144F4 /* Info.plist */ = {isa = PBXFileReference; lastKnownFileType = text.plist.xml; path = Info.plist; sourceTree = "<group>"; };
		00C9D3672239A3D7000144F4 /* CalenderPopupView.swift */ = {isa = PBXFileReference; lastKnownFileType = sourcecode.swift; path = CalenderPopupView.swift; sourceTree = "<group>"; };
		00C9D3682239A3D7000144F4 /* CalenderPopupView.xib */ = {isa = PBXFileReference; lastKnownFileType = file.xib; path = CalenderPopupView.xib; sourceTree = "<group>"; };
		00C9D36D223D66C0000144F4 /* PopUpCalendarViewController.swift */ = {isa = PBXFileReference; lastKnownFileType = sourcecode.swift; path = PopUpCalendarViewController.swift; sourceTree = "<group>"; };
		7ADB7E555DBB2B003D81E28F /* Pods_pagetest.framework */ = {isa = PBXFileReference; explicitFileType = wrapper.framework; includeInIndex = 0; path = Pods_pagetest.framework; sourceTree = BUILT_PRODUCTS_DIR; };
		CB7BCFD4D9DA593C232DFC0F /* Pods-pagetest.release.xcconfig */ = {isa = PBXFileReference; includeInIndex = 1; lastKnownFileType = text.xcconfig; name = "Pods-pagetest.release.xcconfig"; path = "Pods/Target Support Files/Pods-pagetest/Pods-pagetest.release.xcconfig"; sourceTree = "<group>"; };
		EC6672773715A6942F05AF5D /* Pods-pagetest.debug.xcconfig */ = {isa = PBXFileReference; includeInIndex = 1; lastKnownFileType = text.xcconfig; name = "Pods-pagetest.debug.xcconfig"; path = "Pods/Target Support Files/Pods-pagetest/Pods-pagetest.debug.xcconfig"; sourceTree = "<group>"; };
/* End PBXFileReference section */

/* Begin PBXFrameworksBuildPhase section */
		00C9D34622343B72000144F4 /* Frameworks */ = {
			isa = PBXFrameworksBuildPhase;
			buildActionMask = 2147483647;
			files = (
				8D48A7F185BA57C1E0D97A21 /* Pods_pagetest.framework in Frameworks */,
			);
			runOnlyForDeploymentPostprocessing = 0;
		};
/* End PBXFrameworksBuildPhase section */

/* Begin PBXGroup section */
		00C9D34022343B71000144F4 = {
			isa = PBXGroup;
			children = (
				00C9D34B22343B72000144F4 /* pagetest */,
				00C9D34A22343B72000144F4 /* Products */,
				7268941D2CA9DBB0A2425C79 /* Pods */,
				7204A4F7E1189737966AFE4F /* Frameworks */,
			);
			sourceTree = "<group>";
		};
		00C9D34A22343B72000144F4 /* Products */ = {
			isa = PBXGroup;
			children = (
				00C9D34922343B72000144F4 /* pagetest.app */,
			);
			name = Products;
			sourceTree = "<group>";
		};
		00C9D34B22343B72000144F4 /* pagetest */ = {
			isa = PBXGroup;
			children = (
				00C9D34C22343B72000144F4 /* AppDelegate.swift */,
				00C9D34E22343B72000144F4 /* RootViewController.swift */,
				00C9D35022343B72000144F4 /* DataViewController.swift */,
				00C9D35222343B72000144F4 /* ModelController.swift */,
				00C9D35422343B73000144F4 /* Main.storyboard */,
				00C9D35722343B8D000144F4 /* Assets.xcassets */,
				00C9D35922343B8D000144F4 /* LaunchScreen.storyboard */,
				00C9D35C22343B8D000144F4 /* Info.plist */,
				00C9D3672239A3D7000144F4 /* CalenderPopupView.swift */,
				00C9D3682239A3D7000144F4 /* CalenderPopupView.xib */,
				00C9D36D223D66C0000144F4 /* PopUpCalendarViewController.swift */,
			);
			path = pagetest;
			sourceTree = "<group>";
		};
		7204A4F7E1189737966AFE4F /* Frameworks */ = {
			isa = PBXGroup;
			children = (
				7ADB7E555DBB2B003D81E28F /* Pods_pagetest.framework */,
			);
			name = Frameworks;
			sourceTree = "<group>";
		};
		7268941D2CA9DBB0A2425C79 /* Pods */ = {
			isa = PBXGroup;
			children = (
				EC6672773715A6942F05AF5D /* Pods-pagetest.debug.xcconfig */,
				CB7BCFD4D9DA593C232DFC0F /* Pods-pagetest.release.xcconfig */,
			);
			name = Pods;
			sourceTree = "<group>";
		};
/* End PBXGroup section */

/* Begin PBXNativeTarget section */
		00C9D34822343B72000144F4 /* pagetest */ = {
			isa = PBXNativeTarget;
			buildConfigurationList = 00C9D35F22343B8D000144F4 /* Build configuration list for PBXNativeTarget "pagetest" */;
			buildPhases = (
				622397C138DB686EB7DBA2BA /* [CP] Check Pods Manifest.lock */,
				00C9D34522343B72000144F4 /* Sources */,
				00C9D34622343B72000144F4 /* Frameworks */,
				00C9D34722343B72000144F4 /* Resources */,
				8DF2C84625D65CAB992328E6 /* [CP] Embed Pods Frameworks */,
			);
			buildRules = (
			);
			dependencies = (
			);
			name = pagetest;
			productName = pagetest;
			productReference = 00C9D34922343B72000144F4 /* pagetest.app */;
			productType = "com.apple.product-type.application";
		};
/* End PBXNativeTarget section */

/* Begin PBXProject section */
		00C9D34122343B72000144F4 /* Project object */ = {
			isa = PBXProject;
			attributes = {
				LastSwiftUpdateCheck = 1010;
				LastUpgradeCheck = 1010;
				ORGANIZATIONNAME = "Marcus thuvesen";
				TargetAttributes = {
					00C9D34822343B72000144F4 = {
						CreatedOnToolsVersion = 10.1;
					};
				};
			};
			buildConfigurationList = 00C9D34422343B72000144F4 /* Build configuration list for PBXProject "pagetest" */;
			compatibilityVersion = "Xcode 9.3";
			developmentRegion = en;
			hasScannedForEncodings = 0;
			knownRegions = (
				en,
				Base,
			);
			mainGroup = 00C9D34022343B71000144F4;
			productRefGroup = 00C9D34A22343B72000144F4 /* Products */;
			projectDirPath = "";
			projectRoot = "";
			targets = (
				00C9D34822343B72000144F4 /* pagetest */,
			);
		};
/* End PBXProject section */

/* Begin PBXResourcesBuildPhase section */
		00C9D34722343B72000144F4 /* Resources */ = {
			isa = PBXResourcesBuildPhase;
			buildActionMask = 2147483647;
			files = (
				00C9D35B22343B8D000144F4 /* LaunchScreen.storyboard in Resources */,
				00C9D35822343B8D000144F4 /* Assets.xcassets in Resources */,
				00C9D35622343B73000144F4 /* Main.storyboard in Resources */,
				00C9D36A2239A3D8000144F4 /* CalenderPopupView.xib in Resources */,
			);
			runOnlyForDeploymentPostprocessing = 0;
		};
/* End PBXResourcesBuildPhase section */

/* Begin PBXShellScriptBuildPhase section */
		622397C138DB686EB7DBA2BA /* [CP] Check Pods Manifest.lock */ = {
			isa = PBXShellScriptBuildPhase;
			buildActionMask = 2147483647;
			files = (
			);
			inputFileListPaths = (
			);
			inputPaths = (
				"${PODS_PODFILE_DIR_PATH}/Podfile.lock",
				"${PODS_ROOT}/Manifest.lock",
			);
			name = "[CP] Check Pods Manifest.lock";
			outputFileListPaths = (
			);
			outputPaths = (
				"$(DERIVED_FILE_DIR)/Pods-pagetest-checkManifestLockResult.txt",
			);
			runOnlyForDeploymentPostprocessing = 0;
			shellPath = /bin/sh;
			shellScript = "diff \"${PODS_PODFILE_DIR_PATH}/Podfile.lock\" \"${PODS_ROOT}/Manifest.lock\" > /dev/null\nif [ $? != 0 ] ; then\n    # print error to STDERR\n    echo \"error: The sandbox is not in sync with the Podfile.lock. Run 'pod install' or update your CocoaPods installation.\" >&2\n    exit 1\nfi\n# This output is used by Xcode 'outputs' to avoid re-running this script phase.\necho \"SUCCESS\" > \"${SCRIPT_OUTPUT_FILE_0}\"\n";
			showEnvVarsInLog = 0;
		};
		8DF2C84625D65CAB992328E6 /* [CP] Embed Pods Frameworks */ = {
			isa = PBXShellScriptBuildPhase;
			buildActionMask = 2147483647;
			files = (
			);
			inputFileListPaths = (
			);
			inputPaths = (
				"${SRCROOT}/Pods/Target Support Files/Pods-pagetest/Pods-pagetest-frameworks.sh",
				"${BUILT_PRODUCTS_DIR}/Alamofire/Alamofire.framework",
				"${BUILT_PRODUCTS_DIR}/SwiftyJSON/SwiftyJSON.framework",
				"${BUILT_PRODUCTS_DIR}/VACalendar/VACalendar.framework",
			);
			name = "[CP] Embed Pods Frameworks";
			outputFileListPaths = (
			);
			outputPaths = (
				"${TARGET_BUILD_DIR}/${FRAMEWORKS_FOLDER_PATH}/Alamofire.framework",
				"${TARGET_BUILD_DIR}/${FRAMEWORKS_FOLDER_PATH}/SwiftyJSON.framework",
				"${TARGET_BUILD_DIR}/${FRAMEWORKS_FOLDER_PATH}/VACalendar.framework",
			);
			runOnlyForDeploymentPostprocessing = 0;
			shellPath = /bin/sh;
			shellScript = "\"${SRCROOT}/Pods/Target Support Files/Pods-pagetest/Pods-pagetest-frameworks.sh\"\n";
			showEnvVarsInLog = 0;
		};
/* End PBXShellScriptBuildPhase section */

/* Begin PBXSourcesBuildPhase section */
		00C9D34522343B72000144F4 /* Sources */ = {
			isa = PBXSourcesBuildPhase;
			buildActionMask = 2147483647;
			files = (
				00C9D34F22343B72000144F4 /* RootViewController.swift in Sources */,
				00C9D35322343B72000144F4 /* ModelController.swift in Sources */,
				00C9D3692239A3D8000144F4 /* CalenderPopupView.swift in Sources */,
				00C9D36E223D66C0000144F4 /* PopUpCalendarViewController.swift in Sources */,
				00C9D35122343B72000144F4 /* DataViewController.swift in Sources */,
				00C9D34D22343B72000144F4 /* AppDelegate.swift in Sources */,
			);
			runOnlyForDeploymentPostprocessing = 0;
		};
/* End PBXSourcesBuildPhase section */

/* Begin PBXVariantGroup section */
		00C9D35422343B73000144F4 /* Main.storyboard */ = {
			isa = PBXVariantGroup;
			children = (
				00C9D35522343B73000144F4 /* Base */,
			);
			name = Main.storyboard;
			sourceTree = "<group>";
		};
		00C9D35922343B8D000144F4 /* LaunchScreen.storyboard */ = {
			isa = PBXVariantGroup;
			children = (
				00C9D35A22343B8D000144F4 /* Base */,
			);
			name = LaunchScreen.storyboard;
			sourceTree = "<group>";
		};
/* End PBXVariantGroup section */

/* Begin XCBuildConfiguration section */
		00C9D35D22343B8D000144F4 /* Debug */ = {
			isa = XCBuildConfiguration;
			buildSettings = {
				ALWAYS_SEARCH_USER_PATHS = NO;
				CLANG_ANALYZER_NONNULL = YES;
				CLANG_ANALYZER_NUMBER_OBJECT_CONVERSION = YES_AGGRESSIVE;
				CLANG_CXX_LANGUAGE_STANDARD = "gnu++14";
				CLANG_CXX_LIBRARY = "libc++";
				CLANG_ENABLE_MODULES = YES;
				CLANG_ENABLE_OBJC_ARC = YES;
				CLANG_ENABLE_OBJC_WEAK = YES;
				CLANG_WARN_BLOCK_CAPTURE_AUTORELEASING = YES;
				CLANG_WARN_BOOL_CONVERSION = YES;
				CLANG_WARN_COMMA = YES;
				CLANG_WARN_CONSTANT_CONVERSION = YES;
				CLANG_WARN_DEPRECATED_OBJC_IMPLEMENTATIONS = YES;
				CLANG_WARN_DIRECT_OBJC_ISA_USAGE = YES_ERROR;
				CLANG_WARN_DOCUMENTATION_COMMENTS = YES;
				CLANG_WARN_EMPTY_BODY = YES;
				CLANG_WARN_ENUM_CONVERSION = YES;
				CLANG_WARN_INFINITE_RECURSION = YES;
				CLANG_WARN_INT_CONVERSION = YES;
				CLANG_WARN_NON_LITERAL_NULL_CONVERSION = YES;
				CLANG_WARN_OBJC_IMPLICIT_RETAIN_SELF = YES;
				CLANG_WARN_OBJC_LITERAL_CONVERSION = YES;
				CLANG_WARN_OBJC_ROOT_CLASS = YES_ERROR;
				CLANG_WARN_RANGE_LOOP_ANALYSIS = YES;
				CLANG_WARN_STRICT_PROTOTYPES = YES;
				CLANG_WARN_SUSPICIOUS_MOVE = YES;
				CLANG_WARN_UNGUARDED_AVAILABILITY = YES_AGGRESSIVE;
				CLANG_WARN_UNREACHABLE_CODE = YES;
				CLANG_WARN__DUPLICATE_METHOD_MATCH = YES;
				CODE_SIGN_IDENTITY = "iPhone Developer";
				COPY_PHASE_STRIP = NO;
				DEBUG_INFORMATION_FORMAT = dwarf;
				ENABLE_STRICT_OBJC_MSGSEND = YES;
				ENABLE_TESTABILITY = YES;
				GCC_C_LANGUAGE_STANDARD = gnu11;
				GCC_DYNAMIC_NO_PIC = NO;
				GCC_NO_COMMON_BLOCKS = YES;
				GCC_OPTIMIZATION_LEVEL = 0;
				GCC_PREPROCESSOR_DEFINITIONS = (
					"DEBUG=1",
					"$(inherited)",
				);
				GCC_WARN_64_TO_32_BIT_CONVERSION = YES;
				GCC_WARN_ABOUT_RETURN_TYPE = YES_ERROR;
				GCC_WARN_UNDECLARED_SELECTOR = YES;
				GCC_WARN_UNINITIALIZED_AUTOS = YES_AGGRESSIVE;
				GCC_WARN_UNUSED_FUNCTION = YES;
				GCC_WARN_UNUSED_VARIABLE = YES;
				IPHONEOS_DEPLOYMENT_TARGET = 12.1;
				MTL_ENABLE_DEBUG_INFO = INCLUDE_SOURCE;
				MTL_FAST_MATH = YES;
				ONLY_ACTIVE_ARCH = YES;
				SDKROOT = iphoneos;
				SWIFT_ACTIVE_COMPILATION_CONDITIONS = DEBUG;
				SWIFT_OPTIMIZATION_LEVEL = "-Onone";
			};
			name = Debug;
		};
		00C9D35E22343B8D000144F4 /* Release */ = {
			isa = XCBuildConfiguration;
			buildSettings = {
				ALWAYS_SEARCH_USER_PATHS = NO;
				CLANG_ANALYZER_NONNULL = YES;
				CLANG_ANALYZER_NUMBER_OBJECT_CONVERSION = YES_AGGRESSIVE;
				CLANG_CXX_LANGUAGE_STANDARD = "gnu++14";
				CLANG_CXX_LIBRARY = "libc++";
				CLANG_ENABLE_MODULES = YES;
				CLANG_ENABLE_OBJC_ARC = YES;
				CLANG_ENABLE_OBJC_WEAK = YES;
				CLANG_WARN_BLOCK_CAPTURE_AUTORELEASING = YES;
				CLANG_WARN_BOOL_CONVERSION = YES;
				CLANG_WARN_COMMA = YES;
				CLANG_WARN_CONSTANT_CONVERSION = YES;
				CLANG_WARN_DEPRECATED_OBJC_IMPLEMENTATIONS = YES;
				CLANG_WARN_DIRECT_OBJC_ISA_USAGE = YES_ERROR;
				CLANG_WARN_DOCUMENTATION_COMMENTS = YES;
				CLANG_WARN_EMPTY_BODY = YES;
				CLANG_WARN_ENUM_CONVERSION = YES;
				CLANG_WARN_INFINITE_RECURSION = YES;
				CLANG_WARN_INT_CONVERSION = YES;
				CLANG_WARN_NON_LITERAL_NULL_CONVERSION = YES;
				CLANG_WARN_OBJC_IMPLICIT_RETAIN_SELF = YES;
				CLANG_WARN_OBJC_LITERAL_CONVERSION = YES;
				CLANG_WARN_OBJC_ROOT_CLASS = YES_ERROR;
				CLANG_WARN_RANGE_LOOP_ANALYSIS = YES;
				CLANG_WARN_STRICT_PROTOTYPES = YES;
				CLANG_WARN_SUSPICIOUS_MOVE = YES;
				CLANG_WARN_UNGUARDED_AVAILABILITY = YES_AGGRESSIVE;
				CLANG_WARN_UNREACHABLE_CODE = YES;
				CLANG_WARN__DUPLICATE_METHOD_MATCH = YES;
				CODE_SIGN_IDENTITY = "iPhone Developer";
				COPY_PHASE_STRIP = NO;
				DEBUG_INFORMATION_FORMAT = "dwarf-with-dsym";
				ENABLE_NS_ASSERTIONS = NO;
				ENABLE_STRICT_OBJC_MSGSEND = YES;
				GCC_C_LANGUAGE_STANDARD = gnu11;
				GCC_NO_COMMON_BLOCKS = YES;
				GCC_WARN_64_TO_32_BIT_CONVERSION = YES;
				GCC_WARN_ABOUT_RETURN_TYPE = YES_ERROR;
				GCC_WARN_UNDECLARED_SELECTOR = YES;
				GCC_WARN_UNINITIALIZED_AUTOS = YES_AGGRESSIVE;
				GCC_WARN_UNUSED_FUNCTION = YES;
				GCC_WARN_UNUSED_VARIABLE = YES;
				IPHONEOS_DEPLOYMENT_TARGET = 12.1;
				MTL_ENABLE_DEBUG_INFO = NO;
				MTL_FAST_MATH = YES;
				SDKROOT = iphoneos;
				SWIFT_COMPILATION_MODE = wholemodule;
				SWIFT_OPTIMIZATION_LEVEL = "-O";
				VALIDATE_PRODUCT = YES;
			};
			name = Release;
		};
		00C9D36022343B8D000144F4 /* Debug */ = {
			isa = XCBuildConfiguration;
			baseConfigurationReference = EC6672773715A6942F05AF5D /* Pods-pagetest.debug.xcconfig */;
			buildSettings = {
				ASSETCATALOG_COMPILER_APPICON_NAME = AppIcon;
				CODE_SIGN_STYLE = Automatic;
				DEVELOPMENT_TEAM = 4CTKXD59TF;
				INFOPLIST_FILE = pagetest/Info.plist;
				LD_RUNPATH_SEARCH_PATHS = (
					"$(inherited)",
					"@executable_path/Frameworks",
				);
				PRODUCT_BUNDLE_IDENTIFIER = com.MarcusThuvesen.pagetest;
				PRODUCT_NAME = "$(TARGET_NAME)";
				SWIFT_VERSION = 4.2;
				TARGETED_DEVICE_FAMILY = "1,2";
			};
			name = Debug;
		};
		00C9D36122343B8D000144F4 /* Release */ = {
			isa = XCBuildConfiguration;
			baseConfigurationReference = CB7BCFD4D9DA593C232DFC0F /* Pods-pagetest.release.xcconfig */;
			buildSettings = {
				ASSETCATALOG_COMPILER_APPICON_NAME = AppIcon;
				CODE_SIGN_STYLE = Automatic;
				DEVELOPMENT_TEAM = 4CTKXD59TF;
				INFOPLIST_FILE = pagetest/Info.plist;
				LD_RUNPATH_SEARCH_PATHS = (
					"$(inherited)",
					"@executable_path/Frameworks",
				);
				PRODUCT_BUNDLE_IDENTIFIER = com.MarcusThuvesen.pagetest;
				PRODUCT_NAME = "$(TARGET_NAME)";
				SWIFT_VERSION = 4.2;
				TARGETED_DEVICE_FAMILY = "1,2";
			};
			name = Release;
		};
/* End XCBuildConfiguration section */

/* Begin XCConfigurationList section */
		00C9D34422343B72000144F4 /* Build configuration list for PBXProject "pagetest" */ = {
			isa = XCConfigurationList;
			buildConfigurations = (
				00C9D35D22343B8D000144F4 /* Debug */,
				00C9D35E22343B8D000144F4 /* Release */,
			);
			defaultConfigurationIsVisible = 0;
			defaultConfigurationName = Release;
		};
		00C9D35F22343B8D000144F4 /* Build configuration list for PBXNativeTarget "pagetest" */ = {
			isa = XCConfigurationList;
			buildConfigurations = (
				00C9D36022343B8D000144F4 /* Debug */,
				00C9D36122343B8D000144F4 /* Release */,
			);
			defaultConfigurationIsVisible = 0;
			defaultConfigurationName = Release;
		};
/* End XCConfigurationList section */
	};
	rootObject = 00C9D34122343B72000144F4 /* Project object */;
}
